
Microsoft Visual Studio Solution File, Format Version 12.00
# Visual Studio Version 17
VisualStudioVersion = 17.5.33424.131
MinimumVisualStudioVersion = 10.0.40219.1
Project("{8BC9CEB8-8B4A-11D0-8D11-00A0C91BC942}") = "uas", "uas\uas.vcxproj", "{D1DA9B8C-27C4-4568-91F9-09031EC78E2F}"
EndProject
Global
	GlobalSection(SolutionConfigurationPlatforms) = preSolution
		Debug|x64 = Debug|x64
		Debug|x86 = Debug|x86
		Release|x64 = Release|x64
		Release|x86 = Release|x86
	EndGlobalSection
	GlobalSection(ProjectConfigurationPlatforms) = postSolution
		{D1DA9B8C-27C4-4568-91F9-09031EC78E2F}.Debug|x64.ActiveCfg = Debug|x64
		{D1DA9B8C-27C4-4568-91F9-09031EC78E2F}.Debug|x64.Build.0 = Debug|x64
		{D1DA9B8C-27C4-4568-91F9-09031EC78E2F}.Debug|x86.ActiveCfg = Debug|Win32
		{D1DA9B8C-27C4-4568-91F9-09031EC78E2F}.Debug|x86.Build.0 = Debug|Win32
		{D1DA9B8C-27C4-4568-91F9-09031EC78E2F}.Release|x64.ActiveCfg = Release|x64
		{D1DA9B8C-27C4-4568-91F9-09031EC78E2F}.Release|x64.Build.0 = Release|x64
		{D1DA9B8C-27C4-4568-91F9-09031EC78E2F}.Release|x86.ActiveCfg = Release|Win32
		{D1DA9B8C-27C4-4568-91F9-09031EC78E2F}.Release|x86.Build.0 = Release|Win32
	EndGlobalSection
	GlobalSection(SolutionProperties) = preSolution
		HideSolutionNode = FALSE
	EndGlobalSection
	GlobalSection(ExtensibilityGlobals) = postSolution
		SolutionGuid = {219F0369-08B0-4292-93F5-01B3D0E513B7}
	EndGlobalSection
EndGlobal
